{
  "name": "reven-labs-token",
  "lockfileVersion": 2,
  "requires": true,
  "packages": {
    "": {
      "name": "reven-labs-token",
      "version": "1.0.0",
      "dependencies": {
        "@solana/web3.js": "^1.93.1",
        "dotenv": "^16.0.3",
        "mocha": "^10.2.0",
        "chai": "^4.3.7"
      }
    },
    "node_modules/@solana/web3.js": {
      "version": "1.93.1",
      "resolved": "https://registry.npmjs.org/@solana/web3.js/-/web3.js-1.93.1.tgz",
      "integrity": "sha512-<hash>",
      "dependencies": {}
    },
    "node_modules/dotenv": {
      "version": "16.0.3",
      "resolved": "https://registry.npmjs.org/dotenv/-/dotenv-16.0.3.tgz",
      "integrity": "sha512-<hash>"
    },
    "node_modules/mocha": {
      "version": "10.2.0",
      "resolved": "https://registry.npmjs.org/mocha/-/mocha-10.2.0.tgz",
      "integrity": "sha512-<hash>"
    },
    "node_modules/chai": {
      "version": "4.3.7",
      "resolved": "https://registry.npmjs.org/chai/-/chai-4.3.7.tgz",
      "integrity": "sha512-<hash>"
    }
  }
}
